{
  "name": "music",
  "version": "1.0.0",
  "lockfileVersion": 1,
  "requires": true,
  "dependencies": {
    "leancloud-realtime": {
      "version": "4.2.0",
      "resolved": "http://registry.npm.taobao.org/leancloud-realtime/download/leancloud-realtime-4.2.0.tgz",
      "dependencies": {
        "axios": {
          "version": "http://registry.npm.taobao.org/axios/download/axios-0.18.0.tgz"
        },
        "babel-runtime": {
          "version": "http://registry.npm.taobao.org/babel-runtime/download/babel-runtime-6.26.0.tgz"
        },
        "base64-arraybuffer": {
          "version": "http://registry.npm.taobao.org/base64-arraybuffer/download/base64-arraybuffer-0.1.5.tgz"
        },
        "debug": {
          "version": "http://registry.npm.taobao.org/debug/download/debug-3.2.6.tgz"
        },
        "eventemitter3": {
          "version": "http://registry.npm.taobao.org/eventemitter3/download/eventemitter3-3.1.0.tgz"
        },
        "javascript-state-machine": {
          "version": "http://registry.npm.taobao.org/javascript-state-machine/download/javascript-state-machine-2.4.0.tgz"
        },
        "lodash": {
          "version": "http://registry.npm.taobao.org/lodash/download/lodash-4.17.11.tgz"
        },
        "protobufjs": {
          "version": "http://registry.npm.taobao.org/protobufjs/download/protobufjs-5.0.3.tgz"
        },
        "uuid": {
          "version": "http://registry.npm.taobao.org/uuid/download/uuid-3.3.2.tgz"
        },
        "ws": {
          "version": "http://registry.npm.taobao.org/ws/download/ws-5.2.2.tgz"
        }
      }
    },
    "leancloud-storage": {
      "version": "3.10.0",
      "resolved": "http://registry.npm.taobao.org/leancloud-storage/download/leancloud-storage-3.10.0.tgz",
      "requires": {
        "leancloud-realtime": "^4.2.0"
      },
      "dependencies": {
        "debug": {
          "version": "http://registry.npm.taobao.org/debug/download/debug-3.2.6.tgz",
          "bundled": true,
          "dependencies": {
            "ms": {
              "version": "http://registry.npm.taobao.org/ms/download/ms-2.1.1.tgz"
            }
          }
        },
        "es6-promise": {
          "version": "http://registry.npm.taobao.org/es6-promise/download/es6-promise-4.2.3.tgz",
          "bundled": true
        },
        "eventemitter3": {
          "version": "http://registry.npm.taobao.org/eventemitter3/download/eventemitter3-2.0.3.tgz",
          "bundled": true
        },
        "leancloud-realtime": {
          "version": "http://registry.npm.taobao.org/leancloud-realtime/download/leancloud-realtime-4.2.0.tgz",
          "bundled": true,
          "dependencies": {
            "axios": {
              "version": "http://registry.npm.taobao.org/axios/download/axios-0.18.0.tgz"
            },
            "babel-runtime": {
              "version": "http://registry.npm.taobao.org/babel-runtime/download/babel-runtime-6.26.0.tgz"
            },
            "base64-arraybuffer": {
              "version": "http://registry.npm.taobao.org/base64-arraybuffer/download/base64-arraybuffer-0.1.5.tgz"
            },
            "debug": {
              "version": "http://registry.npm.taobao.org/debug/download/debug-3.2.6.tgz"
            },
            "eventemitter3": {
              "version": "http://registry.npm.taobao.org/eventemitter3/download/eventemitter3-3.1.0.tgz"
            },
            "javascript-state-machine": {
              "version": "http://registry.npm.taobao.org/javascript-state-machine/download/javascript-state-machine-2.4.0.tgz"
            },
            "lodash": {
              "version": "http://registry.npm.taobao.org/lodash/download/lodash-4.17.11.tgz"
            },
            "protobufjs": {
              "version": "http://registry.npm.taobao.org/protobufjs/download/protobufjs-5.0.3.tgz"
            },
            "uuid": {
              "version": "http://registry.npm.taobao.org/uuid/download/uuid-3.3.2.tgz"
            },
            "ws": {
              "version": "http://registry.npm.taobao.org/ws/download/ws-5.2.2.tgz"
            }
          }
        },
        "leancloud-realtime-plugin-live-query": {
          "version": "http://registry.npm.taobao.org/leancloud-realtime-plugin-live-query/download/leancloud-realtime-plugin-live-query-1.1.1.tgz",
          "bundled": true
        },
        "localstorage-memory": {
          "version": "http://registry.npm.taobao.org/localstorage-memory/download/localstorage-memory-1.0.2.tgz",
          "bundled": true
        },
        "md5": {
          "version": "http://registry.npm.taobao.org/md5/download/md5-2.2.1.tgz",
          "bundled": true
        },
        "superagent": {
          "version": "http://registry.npm.taobao.org/superagent/download/superagent-3.8.3.tgz",
          "bundled": true
        },
        "underscore": {
          "version": "http://registry.npm.taobao.org/underscore/download/underscore-1.9.1.tgz",
          "bundled": true
        },
        "uuid": {
          "version": "http://registry.npm.taobao.org/uuid/download/uuid-3.3.2.tgz",
          "bundled": true
        }
      }
    },
    "qiniu-js": {
      "version": "2.5.1",
      "resolved": "http://registry.npm.taobao.org/qiniu-js/download/qiniu-js-2.5.1.tgz",
      "integrity": "sha1-x7bI2SxdD0YFOGq/2f97wZ7ZOYE="
    }
  }
}
